// !$*UTF8*$!
{
	archiveVersion = 1;
	classes = {
	};
	objectVersion = 56;
	objects = {

/* Begin PBXBuildFile section */
		DE461A102BF913C800695239 /* AppDelegate.swift in Sources */ = {isa = PBXBuildFile; fileRef = DE461A0F2BF913C800695239 /* AppDelegate.swift */; };
		DE461A122BF913C800695239 /* SceneDelegate.swift in Sources */ = {isa = PBXBuildFile; fileRef = DE461A112BF913C800695239 /* SceneDelegate.swift */; };
		DE461A142BF913C800695239 /* HomeViewController.swift in Sources */ = {isa = PBXBuildFile; fileRef = DE461A132BF913C800695239 /* HomeViewController.swift */; };
		DE461A172BF913C800695239 /* Base in Resources */ = {isa = PBXBuildFile; fileRef = DE461A162BF913C800695239 /* Base */; };
		DE461A1A2BF913C800695239 /* MVVMGameHW.xcdatamodeld in Sources */ = {isa = PBXBuildFile; fileRef = DE461A182BF913C800695239 /* MVVMGameHW.xcdatamodeld */; };
		DE461A1C2BF913CA00695239 /* Assets.xcassets in Resources */ = {isa = PBXBuildFile; fileRef = DE461A1B2BF913CA00695239 /* Assets.xcassets */; };
		DE461A1F2BF913CA00695239 /* Base in Resources */ = {isa = PBXBuildFile; fileRef = DE461A1E2BF913CA00695239 /* Base */; };
		DE5D999B2BF951BB008540C2 /* Service.swift in Sources */ = {isa = PBXBuildFile; fileRef = DE5D999A2BF951BB008540C2 /* Service.swift */; };
		DE7C2A4E2BFB631A0021CF35 /* FooterReusableView.swift in Sources */ = {isa = PBXBuildFile; fileRef = DE7C2A4D2BFB631A0021CF35 /* FooterReusableView.swift */; };
		DE7C2A502BFB8B0D0021CF35 /* DetailViewController.swift in Sources */ = {isa = PBXBuildFile; fileRef = DE7C2A4F2BFB8B0D0021CF35 /* DetailViewController.swift */; };
		DE7C2A522BFB8E4C0021CF35 /* GameDetail.swift in Sources */ = {isa = PBXBuildFile; fileRef = DE7C2A512BFB8E4C0021CF35 /* GameDetail.swift */; };
		DE7C2A562BFBBD3F0021CF35 /* DetailViewModel.swift in Sources */ = {isa = PBXBuildFile; fileRef = DE7C2A552BFBBD3F0021CF35 /* DetailViewModel.swift */; };
		DE8BD8352C0209AF0084F9C1 /* BestGameCell.swift in Sources */ = {isa = PBXBuildFile; fileRef = DE8BD8342C0209AF0084F9C1 /* BestGameCell.swift */; };
		DE8BD8372C02108C0084F9C1 /* CustomPageController.swift in Sources */ = {isa = PBXBuildFile; fileRef = DE8BD8362C02108C0084F9C1 /* CustomPageController.swift */; };
		DE8BD8392C0229910084F9C1 /* SearchModel.swift in Sources */ = {isa = PBXBuildFile; fileRef = DE8BD8382C0229910084F9C1 /* SearchModel.swift */; };
		DE8BD83B2C027AC10084F9C1 /* HeaderReusableView.swift in Sources */ = {isa = PBXBuildFile; fileRef = DE8BD83A2C027AC10084F9C1 /* HeaderReusableView.swift */; };
		DE8BD83D2C02B81B0084F9C1 /* RedditPost.swift in Sources */ = {isa = PBXBuildFile; fileRef = DE8BD83C2C02B81B0084F9C1 /* RedditPost.swift */; };
		DE8BD83F2C02BCC60084F9C1 /* RedditCell.swift in Sources */ = {isa = PBXBuildFile; fileRef = DE8BD83E2C02BCC60084F9C1 /* RedditCell.swift */; };
		DE9258022C00B99500688C5D /* LocalService.swift in Sources */ = {isa = PBXBuildFile; fileRef = DE9258012C00B99500688C5D /* LocalService.swift */; };
		DE9258092C00BE4D00688C5D /* Game+CoreDataClass.swift in Sources */ = {isa = PBXBuildFile; fileRef = DE9258072C00BE4D00688C5D /* Game+CoreDataClass.swift */; };
		DE92580A2C00BE4D00688C5D /* Game+CoreDataProperties.swift in Sources */ = {isa = PBXBuildFile; fileRef = DE9258082C00BE4D00688C5D /* Game+CoreDataProperties.swift */; };
		DE92580C2C00BF9200688C5D /* GameLocalModel.swift in Sources */ = {isa = PBXBuildFile; fileRef = DE92580B2C00BF9200688C5D /* GameLocalModel.swift */; };
		DE92580E2C00C25300688C5D /* LocalErrors.swift in Sources */ = {isa = PBXBuildFile; fileRef = DE92580D2C00C25300688C5D /* LocalErrors.swift */; };
		DE9258102C00C42A00688C5D /* FavoriteViewController.swift in Sources */ = {isa = PBXBuildFile; fileRef = DE92580F2C00C42A00688C5D /* FavoriteViewController.swift */; };
		DE9258122C00C48B00688C5D /* FavoriteViewModel.swift in Sources */ = {isa = PBXBuildFile; fileRef = DE9258112C00C48B00688C5D /* FavoriteViewModel.swift */; };
		DE9258142C00C96800688C5D /* SavedGameCell.swift in Sources */ = {isa = PBXBuildFile; fileRef = DE9258132C00C96800688C5D /* SavedGameCell.swift */; };
		DE9258162C00D88000688C5D /* DetailFavViewModel.swift in Sources */ = {isa = PBXBuildFile; fileRef = DE9258152C00D88000688C5D /* DetailFavViewModel.swift */; };
		DE9971F02BFE0B6500503DDB /* TagCell.swift in Sources */ = {isa = PBXBuildFile; fileRef = DE9971EF2BFE0B6500503DDB /* TagCell.swift */; };
		DE9971F22BFE248800503DDB /* ScreenCell.swift in Sources */ = {isa = PBXBuildFile; fileRef = DE9971F12BFE248800503DDB /* ScreenCell.swift */; };
		DEA4FFE02BFCAFA600702FC5 /* LoadingIndicator.swift in Sources */ = {isa = PBXBuildFile; fileRef = DEA4FFDF2BFCAFA600702FC5 /* LoadingIndicator.swift */; };
		DEA4FFE22BFCB02700702FC5 /* LoadingView.swift in Sources */ = {isa = PBXBuildFile; fileRef = DEA4FFE12BFCB02700702FC5 /* LoadingView.swift */; };
		DEA4FFE42BFCD01000702FC5 /* Colors.swift in Sources */ = {isa = PBXBuildFile; fileRef = DEA4FFE32BFCD01000702FC5 /* Colors.swift */; };
		DEA4FFE62BFCD05000702FC5 /* Color.swift in Sources */ = {isa = PBXBuildFile; fileRef = DEA4FFE52BFCD05000702FC5 /* Color.swift */; };
		DEA4FFE92BFD6DC500702FC5 /* ScreenShot.swift in Sources */ = {isa = PBXBuildFile; fileRef = DEA4FFE82BFD6DC500702FC5 /* ScreenShot.swift */; };
		DEB126702C0346AC00C7AA83 /* StringExtension.swift in Sources */ = {isa = PBXBuildFile; fileRef = DEB1266F2C0346AC00C7AA83 /* StringExtension.swift */; };
		DEB60E322BFA22C40048779A /* NetworkErrors.swift in Sources */ = {isa = PBXBuildFile; fileRef = DEB60E312BFA22C40048779A /* NetworkErrors.swift */; };
		DEB60E342BFA24140048779A /* Game.swift in Sources */ = {isa = PBXBuildFile; fileRef = DEB60E332BFA24140048779A /* Game.swift */; };
		DEB60E362BFA2B650048779A /* Constants.swift in Sources */ = {isa = PBXBuildFile; fileRef = DEB60E352BFA2B650048779A /* Constants.swift */; };
		DEB60E382BFA34190048779A /* HomeViewModel.swift in Sources */ = {isa = PBXBuildFile; fileRef = DEB60E372BFA34190048779A /* HomeViewModel.swift */; };
		DEB60E3A2BFA38710048779A /* GameCell.swift in Sources */ = {isa = PBXBuildFile; fileRef = DEB60E392BFA38710048779A /* GameCell.swift */; };
		DEB60E3D2BFA38BF0048779A /* SDWebImage in Frameworks */ = {isa = PBXBuildFile; productRef = DEB60E3C2BFA38BF0048779A /* SDWebImage */; };
		DEB60E3F2BFA38BF0048779A /* SDWebImageMapKit in Frameworks */ = {isa = PBXBuildFile; productRef = DEB60E3E2BFA38BF0048779A /* SDWebImageMapKit */; };
		DEC1487D2BFF67A100E2A414 /* GameTrailer.swift in Sources */ = {isa = PBXBuildFile; fileRef = DEC1487C2BFF67A100E2A414 /* GameTrailer.swift */; };
/* End PBXBuildFile section */

/* Begin PBXFileReference section */
		DE461A0C2BF913C800695239 /* MVVMGameHW.app */ = {isa = PBXFileReference; explicitFileType = wrapper.application; includeInIndex = 0; path = MVVMGameHW.app; sourceTree = BUILT_PRODUCTS_DIR; };
		DE461A0F2BF913C800695239 /* AppDelegate.swift */ = {isa = PBXFileReference; lastKnownFileType = sourcecode.swift; path = AppDelegate.swift; sourceTree = "<group>"; };
		DE461A112BF913C800695239 /* SceneDelegate.swift */ = {isa = PBXFileReference; lastKnownFileType = sourcecode.swift; path = SceneDelegate.swift; sourceTree = "<group>"; };
		DE461A132BF913C800695239 /* HomeViewController.swift */ = {isa = PBXFileReference; lastKnownFileType = sourcecode.swift; path = HomeViewController.swift; sourceTree = "<group>"; };
		DE461A162BF913C800695239 /* Base */ = {isa = PBXFileReference; lastKnownFileType = file.storyboard; name = Base; path = Base.lproj/Main.storyboard; sourceTree = "<group>"; };
		DE461A192BF913C800695239 /* MVVMGameHW.xcdatamodel */ = {isa = PBXFileReference; lastKnownFileType = wrapper.xcdatamodel; path = MVVMGameHW.xcdatamodel; sourceTree = "<group>"; };
		DE461A1B2BF913CA00695239 /* Assets.xcassets */ = {isa = PBXFileReference; lastKnownFileType = folder.assetcatalog; path = Assets.xcassets; sourceTree = "<group>"; };
		DE461A1E2BF913CA00695239 /* Base */ = {isa = PBXFileReference; lastKnownFileType = file.storyboard; name = Base; path = Base.lproj/LaunchScreen.storyboard; sourceTree = "<group>"; };
		DE461A202BF913CA00695239 /* Info.plist */ = {isa = PBXFileReference; lastKnownFileType = text.plist.xml; path = Info.plist; sourceTree = "<group>"; };
		DE5D999A2BF951BB008540C2 /* Service.swift */ = {isa = PBXFileReference; lastKnownFileType = sourcecode.swift; path = Service.swift; sourceTree = "<group>"; };
		DE7C2A4D2BFB631A0021CF35 /* FooterReusableView.swift */ = {isa = PBXFileReference; lastKnownFileType = sourcecode.swift; path = FooterReusableView.swift; sourceTree = "<group>"; };
		DE7C2A4F2BFB8B0D0021CF35 /* DetailViewController.swift */ = {isa = PBXFileReference; lastKnownFileType = sourcecode.swift; path = DetailViewController.swift; sourceTree = "<group>"; };
		DE7C2A512BFB8E4C0021CF35 /* GameDetail.swift */ = {isa = PBXFileReference; lastKnownFileType = sourcecode.swift; path = GameDetail.swift; sourceTree = "<group>"; };
		DE7C2A552BFBBD3F0021CF35 /* DetailViewModel.swift */ = {isa = PBXFileReference; lastKnownFileType = sourcecode.swift; path = DetailViewModel.swift; sourceTree = "<group>"; };
		DE8BD8342C0209AF0084F9C1 /* BestGameCell.swift */ = {isa = PBXFileReference; lastKnownFileType = sourcecode.swift; path = BestGameCell.swift; sourceTree = "<group>"; };
		DE8BD8362C02108C0084F9C1 /* CustomPageController.swift */ = {isa = PBXFileReference; lastKnownFileType = sourcecode.swift; path = CustomPageController.swift; sourceTree = "<group>"; };
		DE8BD8382C0229910084F9C1 /* SearchModel.swift */ = {isa = PBXFileReference; lastKnownFileType = sourcecode.swift; path = SearchModel.swift; sourceTree = "<group>"; };
		DE8BD83A2C027AC10084F9C1 /* HeaderReusableView.swift */ = {isa = PBXFileReference; lastKnownFileType = sourcecode.swift; path = HeaderReusableView.swift; sourceTree = "<group>"; };
		DE8BD83C2C02B81B0084F9C1 /* RedditPost.swift */ = {isa = PBXFileReference; lastKnownFileType = sourcecode.swift; path = RedditPost.swift; sourceTree = "<group>"; };
		DE8BD83E2C02BCC60084F9C1 /* RedditCell.swift */ = {isa = PBXFileReference; lastKnownFileType = sourcecode.swift; path = RedditCell.swift; sourceTree = "<group>"; };
		DE9258012C00B99500688C5D /* LocalService.swift */ = {isa = PBXFileReference; lastKnownFileType = sourcecode.swift; path = LocalService.swift; sourceTree = "<group>"; };
		DE9258072C00BE4D00688C5D /* Game+CoreDataClass.swift */ = {isa = PBXFileReference; lastKnownFileType = sourcecode.swift; path = "Game+CoreDataClass.swift"; sourceTree = "<group>"; };
		DE9258082C00BE4D00688C5D /* Game+CoreDataProperties.swift */ = {isa = PBXFileReference; lastKnownFileType = sourcecode.swift; path = "Game+CoreDataProperties.swift"; sourceTree = "<group>"; };
		DE92580B2C00BF9200688C5D /* GameLocalModel.swift */ = {isa = PBXFileReference; lastKnownFileType = sourcecode.swift; path = GameLocalModel.swift; sourceTree = "<group>"; };
		DE92580D2C00C25300688C5D /* LocalErrors.swift */ = {isa = PBXFileReference; lastKnownFileType = sourcecode.swift; path = LocalErrors.swift; sourceTree = "<group>"; };
		DE92580F2C00C42A00688C5D /* FavoriteViewController.swift */ = {isa = PBXFileReference; lastKnownFileType = sourcecode.swift; path = FavoriteViewController.swift; sourceTree = "<group>"; };
		DE9258112C00C48B00688C5D /* FavoriteViewModel.swift */ = {isa = PBXFileReference; lastKnownFileType = sourcecode.swift; path = FavoriteViewModel.swift; sourceTree = "<group>"; };
		DE9258132C00C96800688C5D /* SavedGameCell.swift */ = {isa = PBXFileReference; lastKnownFileType = sourcecode.swift; path = SavedGameCell.swift; sourceTree = "<group>"; };
		DE9258152C00D88000688C5D /* DetailFavViewModel.swift */ = {isa = PBXFileReference; lastKnownFileType = sourcecode.swift; path = DetailFavViewModel.swift; sourceTree = "<group>"; };
		DE9971EF2BFE0B6500503DDB /* TagCell.swift */ = {isa = PBXFileReference; lastKnownFileType = sourcecode.swift; path = TagCell.swift; sourceTree = "<group>"; };
		DE9971F12BFE248800503DDB /* ScreenCell.swift */ = {isa = PBXFileReference; lastKnownFileType = sourcecode.swift; path = ScreenCell.swift; sourceTree = "<group>"; };
		DEA4FFDF2BFCAFA600702FC5 /* LoadingIndicator.swift */ = {isa = PBXFileReference; lastKnownFileType = sourcecode.swift; path = LoadingIndicator.swift; sourceTree = "<group>"; };
		DEA4FFE12BFCB02700702FC5 /* LoadingView.swift */ = {isa = PBXFileReference; lastKnownFileType = sourcecode.swift; path = LoadingView.swift; sourceTree = "<group>"; };
		DEA4FFE32BFCD01000702FC5 /* Colors.swift */ = {isa = PBXFileReference; lastKnownFileType = sourcecode.swift; path = Colors.swift; sourceTree = "<group>"; };
		DEA4FFE52BFCD05000702FC5 /* Color.swift */ = {isa = PBXFileReference; lastKnownFileType = sourcecode.swift; path = Color.swift; sourceTree = "<group>"; };
		DEA4FFE82BFD6DC500702FC5 /* ScreenShot.swift */ = {isa = PBXFileReference; lastKnownFileType = sourcecode.swift; path = ScreenShot.swift; sourceTree = "<group>"; };
		DEB1266F2C0346AC00C7AA83 /* StringExtension.swift */ = {isa = PBXFileReference; lastKnownFileType = sourcecode.swift; path = StringExtension.swift; sourceTree = "<group>"; };
		DEB60E312BFA22C40048779A /* NetworkErrors.swift */ = {isa = PBXFileReference; lastKnownFileType = sourcecode.swift; path = NetworkErrors.swift; sourceTree = "<group>"; };
		DEB60E332BFA24140048779A /* Game.swift */ = {isa = PBXFileReference; lastKnownFileType = sourcecode.swift; path = Game.swift; sourceTree = "<group>"; };
		DEB60E352BFA2B650048779A /* Constants.swift */ = {isa = PBXFileReference; lastKnownFileType = sourcecode.swift; path = Constants.swift; sourceTree = "<group>"; };
		DEB60E372BFA34190048779A /* HomeViewModel.swift */ = {isa = PBXFileReference; lastKnownFileType = sourcecode.swift; path = HomeViewModel.swift; sourceTree = "<group>"; };
		DEB60E392BFA38710048779A /* GameCell.swift */ = {isa = PBXFileReference; lastKnownFileType = sourcecode.swift; path = GameCell.swift; sourceTree = "<group>"; };
		DEC1487C2BFF67A100E2A414 /* GameTrailer.swift */ = {isa = PBXFileReference; lastKnownFileType = sourcecode.swift; path = GameTrailer.swift; sourceTree = "<group>"; };
/* End PBXFileReference section */

/* Begin PBXFrameworksBuildPhase section */
		DE461A092BF913C800695239 /* Frameworks */ = {
			isa = PBXFrameworksBuildPhase;
			buildActionMask = 2147483647;
			files = (
				DEB60E3F2BFA38BF0048779A /* SDWebImageMapKit in Frameworks */,
				DEB60E3D2BFA38BF0048779A /* SDWebImage in Frameworks */,
			);
			runOnlyForDeploymentPostprocessing = 0;
		};
/* End PBXFrameworksBuildPhase section */

/* Begin PBXGroup section */
		DE461A032BF913C800695239 = {
			isa = PBXGroup;
			children = (
				DE461A0E2BF913C800695239 /* MVVMGameHW */,
				DE461A0D2BF913C800695239 /* Products */,
			);
			sourceTree = "<group>";
		};
		DE461A0D2BF913C800695239 /* Products */ = {
			isa = PBXGroup;
			children = (
				DE461A0C2BF913C800695239 /* MVVMGameHW.app */,
			);
			name = Products;
			sourceTree = "<group>";
		};
		DE461A0E2BF913C800695239 /* MVVMGameHW */ = {
			isa = PBXGroup;
			children = (
				DEA4FFE72BFCD05800702FC5 /* Extensions */,
				DEA4FFDE2BFCAF8100702FC5 /* Utils */,
				DE461A2C2BF94C6300695239 /* Network */,
				DE9258002C00B95E00688C5D /* LocaleService */,
				DE461A2B2BF94C4600695239 /* Theme */,
				DE461A2A2BF94C4200695239 /* Core */,
				DE461A292BF94C3D00695239 /* Controller */,
				DE461A282BF94C2500695239 /* ViewModel */,
				DE461A272BF94C2100695239 /* View */,
				DE461A262BF94C1B00695239 /* Model */,
				DE461A152BF913C800695239 /* Main.storyboard */,
				DE461A1B2BF913CA00695239 /* Assets.xcassets */,
				DE461A1D2BF913CA00695239 /* LaunchScreen.storyboard */,
				DE461A202BF913CA00695239 /* Info.plist */,
				DE461A182BF913C800695239 /* MVVMGameHW.xcdatamodeld */,
			);
			path = MVVMGameHW;
			sourceTree = "<group>";
		};
		DE461A262BF94C1B00695239 /* Model */ = {
			isa = PBXGroup;
			children = (
				DE9258072C00BE4D00688C5D /* Game+CoreDataClass.swift */,
				DE9258082C00BE4D00688C5D /* Game+CoreDataProperties.swift */,
				DEB60E332BFA24140048779A /* Game.swift */,
				DE7C2A512BFB8E4C0021CF35 /* GameDetail.swift */,
				DEA4FFE82BFD6DC500702FC5 /* ScreenShot.swift */,
				DEC1487C2BFF67A100E2A414 /* GameTrailer.swift */,
				DE92580B2C00BF9200688C5D /* GameLocalModel.swift */,
				DE8BD8382C0229910084F9C1 /* SearchModel.swift */,
				DE8BD83C2C02B81B0084F9C1 /* RedditPost.swift */,
			);
			path = Model;
			sourceTree = "<group>";
		};
		DE461A272BF94C2100695239 /* View */ = {
			isa = PBXGroup;
			children = (
				DE8BD83A2C027AC10084F9C1 /* HeaderReusableView.swift */,
				DEB60E392BFA38710048779A /* GameCell.swift */,
				DE7C2A4D2BFB631A0021CF35 /* FooterReusableView.swift */,
				DEA4FFE12BFCB02700702FC5 /* LoadingView.swift */,
				DE9971EF2BFE0B6500503DDB /* TagCell.swift */,
				DE9971F12BFE248800503DDB /* ScreenCell.swift */,
				DE9258132C00C96800688C5D /* SavedGameCell.swift */,
				DE8BD8342C0209AF0084F9C1 /* BestGameCell.swift */,
				DE8BD8362C02108C0084F9C1 /* CustomPageController.swift */,
				DE8BD83E2C02BCC60084F9C1 /* RedditCell.swift */,
			);
			path = View;
			sourceTree = "<group>";
		};
		DE461A282BF94C2500695239 /* ViewModel */ = {
			isa = PBXGroup;
			children = (
				DEB60E372BFA34190048779A /* HomeViewModel.swift */,
				DE7C2A552BFBBD3F0021CF35 /* DetailViewModel.swift */,
				DE9258152C00D88000688C5D /* DetailFavViewModel.swift */,
				DE9258112C00C48B00688C5D /* FavoriteViewModel.swift */,
			);
			path = ViewModel;
			sourceTree = "<group>";
		};
		DE461A292BF94C3D00695239 /* Controller */ = {
			isa = PBXGroup;
			children = (
				DE461A132BF913C800695239 /* HomeViewController.swift */,
				DE7C2A4F2BFB8B0D0021CF35 /* DetailViewController.swift */,
				DE92580F2C00C42A00688C5D /* FavoriteViewController.swift */,
			);
			path = Controller;
			sourceTree = "<group>";
		};
		DE461A2A2BF94C4200695239 /* Core */ = {
			isa = PBXGroup;
			children = (
				DE461A112BF913C800695239 /* SceneDelegate.swift */,
				DE461A0F2BF913C800695239 /* AppDelegate.swift */,
			);
			path = Core;
			sourceTree = "<group>";
		};
		DE461A2B2BF94C4600695239 /* Theme */ = {
			isa = PBXGroup;
			children = (
				DEA4FFE32BFCD01000702FC5 /* Colors.swift */,
			);
			path = Theme;
			sourceTree = "<group>";
		};
		DE461A2C2BF94C6300695239 /* Network */ = {
			isa = PBXGroup;
			children = (
				DE5D999A2BF951BB008540C2 /* Service.swift */,
				DEB60E312BFA22C40048779A /* NetworkErrors.swift */,
				DEB60E352BFA2B650048779A /* Constants.swift */,
			);
			path = Network;
			sourceTree = "<group>";
		};
		DE9258002C00B95E00688C5D /* LocaleService */ = {
			isa = PBXGroup;
			children = (
				DE9258012C00B99500688C5D /* LocalService.swift */,
				DE92580D2C00C25300688C5D /* LocalErrors.swift */,
			);
			path = LocaleService;
			sourceTree = "<group>";
		};
		DEA4FFDE2BFCAF8100702FC5 /* Utils */ = {
			isa = PBXGroup;
			children = (
				DEA4FFDF2BFCAFA600702FC5 /* LoadingIndicator.swift */,
			);
			path = Utils;
			sourceTree = "<group>";
		};
		DEA4FFE72BFCD05800702FC5 /* Extensions */ = {
			isa = PBXGroup;
			children = (
				DEA4FFE52BFCD05000702FC5 /* Color.swift */,
				DEB1266F2C0346AC00C7AA83 /* StringExtension.swift */,
			);
			path = Extensions;
			sourceTree = "<group>";
		};
/* End PBXGroup section */

/* Begin PBXNativeTarget section */
		DE461A0B2BF913C800695239 /* MVVMGameHW */ = {
			isa = PBXNativeTarget;
			buildConfigurationList = DE461A232BF913CA00695239 /* Build configuration list for PBXNativeTarget "MVVMGameHW" */;
			buildPhases = (
				DE461A082BF913C800695239 /* Sources */,
				DE461A092BF913C800695239 /* Frameworks */,
				DE461A0A2BF913C800695239 /* Resources */,
			);
			buildRules = (
			);
			dependencies = (
			);
			name = MVVMGameHW;
			packageProductDependencies = (
				DEB60E3C2BFA38BF0048779A /* SDWebImage */,
				DEB60E3E2BFA38BF0048779A /* SDWebImageMapKit */,
			);
			productName = MVVMGameHW;
			productReference = DE461A0C2BF913C800695239 /* MVVMGameHW.app */;
			productType = "com.apple.product-type.application";
		};
/* End PBXNativeTarget section */

/* Begin PBXProject section */
		DE461A042BF913C800695239 /* Project object */ = {
			isa = PBXProject;
			attributes = {
				BuildIndependentTargetsInParallel = 1;
				LastSwiftUpdateCheck = 1530;
				LastUpgradeCheck = 1530;
				TargetAttributes = {
					DE461A0B2BF913C800695239 = {
						CreatedOnToolsVersion = 15.3;
					};
				};
			};
			buildConfigurationList = DE461A072BF913C800695239 /* Build configuration list for PBXProject "MVVMGameHW" */;
			compatibilityVersion = "Xcode 14.0";
			developmentRegion = en;
			hasScannedForEncodings = 0;
			knownRegions = (
				en,
				Base,
			);
			mainGroup = DE461A032BF913C800695239;
			packageReferences = (
				DEB60E3B2BFA38BF0048779A /* XCRemoteSwiftPackageReference "SDWebImage" */,
			);
			productRefGroup = DE461A0D2BF913C800695239 /* Products */;
			projectDirPath = "";
			projectRoot = "";
			targets = (
				DE461A0B2BF913C800695239 /* MVVMGameHW */,
			);
		};
/* End PBXProject section */

/* Begin PBXResourcesBuildPhase section */
		DE461A0A2BF913C800695239 /* Resources */ = {
			isa = PBXResourcesBuildPhase;
			buildActionMask = 2147483647;
			files = (
				DE461A1C2BF913CA00695239 /* Assets.xcassets in Resources */,
				DE461A1F2BF913CA00695239 /* Base in Resources */,
				DE461A172BF913C800695239 /* Base in Resources */,
			);
			runOnlyForDeploymentPostprocessing = 0;
		};
/* End PBXResourcesBuildPhase section */

/* Begin PBXSourcesBuildPhase section */
		DE461A082BF913C800695239 /* Sources */ = {
			isa = PBXSourcesBuildPhase;
			buildActionMask = 2147483647;
			files = (
				DE92580E2C00C25300688C5D /* LocalErrors.swift in Sources */,
				DE461A142BF913C800695239 /* HomeViewController.swift in Sources */,
				DE9971F22BFE248800503DDB /* ScreenCell.swift in Sources */,
				DEA4FFE92BFD6DC500702FC5 /* ScreenShot.swift in Sources */,
				DEA4FFE42BFCD01000702FC5 /* Colors.swift in Sources */,
				DE8BD83D2C02B81B0084F9C1 /* RedditPost.swift in Sources */,
				DE92580C2C00BF9200688C5D /* GameLocalModel.swift in Sources */,
				DE9258022C00B99500688C5D /* LocalService.swift in Sources */,
				DEC1487D2BFF67A100E2A414 /* GameTrailer.swift in Sources */,
				DE9258142C00C96800688C5D /* SavedGameCell.swift in Sources */,
				DE9258162C00D88000688C5D /* DetailFavViewModel.swift in Sources */,
				DEB60E382BFA34190048779A /* HomeViewModel.swift in Sources */,
				DE9258092C00BE4D00688C5D /* Game+CoreDataClass.swift in Sources */,
				DE8BD8372C02108C0084F9C1 /* CustomPageController.swift in Sources */,
				DE92580A2C00BE4D00688C5D /* Game+CoreDataProperties.swift in Sources */,
				DE461A102BF913C800695239 /* AppDelegate.swift in Sources */,
				DEB126702C0346AC00C7AA83 /* StringExtension.swift in Sources */,
				DE7C2A502BFB8B0D0021CF35 /* DetailViewController.swift in Sources */,
				DEA4FFE22BFCB02700702FC5 /* LoadingView.swift in Sources */,
				DEB60E342BFA24140048779A /* Game.swift in Sources */,
				DE5D999B2BF951BB008540C2 /* Service.swift in Sources */,
				DE7C2A4E2BFB631A0021CF35 /* FooterReusableView.swift in Sources */,
				DE8BD83B2C027AC10084F9C1 /* HeaderReusableView.swift in Sources */,
				DEB60E3A2BFA38710048779A /* GameCell.swift in Sources */,
				DE9258122C00C48B00688C5D /* FavoriteViewModel.swift in Sources */,
				DE9258102C00C42A00688C5D /* FavoriteViewController.swift in Sources */,
				DE7C2A522BFB8E4C0021CF35 /* GameDetail.swift in Sources */,
				DE461A1A2BF913C800695239 /* MVVMGameHW.xcdatamodeld in Sources */,
				DE461A122BF913C800695239 /* SceneDelegate.swift in Sources */,
				DE9971F02BFE0B6500503DDB /* TagCell.swift in Sources */,
				DE8BD8392C0229910084F9C1 /* SearchModel.swift in Sources */,
				DE8BD8352C0209AF0084F9C1 /* BestGameCell.swift in Sources */,
				DEA4FFE62BFCD05000702FC5 /* Color.swift in Sources */,
				DEB60E322BFA22C40048779A /* NetworkErrors.swift in Sources */,
				DEA4FFE02BFCAFA600702FC5 /* LoadingIndicator.swift in Sources */,
				DE7C2A562BFBBD3F0021CF35 /* DetailViewModel.swift in Sources */,
				DEB60E362BFA2B650048779A /* Constants.swift in Sources */,
				DE8BD83F2C02BCC60084F9C1 /* RedditCell.swift in Sources */,
			);
			runOnlyForDeploymentPostprocessing = 0;
		};
/* End PBXSourcesBuildPhase section */

/* Begin PBXVariantGroup section */
		DE461A152BF913C800695239 /* Main.storyboard */ = {
			isa = PBXVariantGroup;
			children = (
				DE461A162BF913C800695239 /* Base */,
			);
			name = Main.storyboard;
			sourceTree = "<group>";
		};
		DE461A1D2BF913CA00695239 /* LaunchScreen.storyboard */ = {
			isa = PBXVariantGroup;
			children = (
				DE461A1E2BF913CA00695239 /* Base */,
			);
			name = LaunchScreen.storyboard;
			sourceTree = "<group>";
		};
/* End PBXVariantGroup section */

/* Begin XCBuildConfiguration section */
		DE461A212BF913CA00695239 /* Debug */ = {
			isa = XCBuildConfiguration;
			buildSettings = {
				ALWAYS_SEARCH_USER_PATHS = NO;
				ASSETCATALOG_COMPILER_GENERATE_SWIFT_ASSET_SYMBOL_EXTENSIONS = YES;
				CLANG_ANALYZER_NONNULL = YES;
				CLANG_ANALYZER_NUMBER_OBJECT_CONVERSION = YES_AGGRESSIVE;
				CLANG_CXX_LANGUAGE_STANDARD = "gnu++20";
				CLANG_ENABLE_MODULES = YES;
				CLANG_ENABLE_OBJC_ARC = YES;
				CLANG_ENABLE_OBJC_WEAK = YES;
				CLANG_WARN_BLOCK_CAPTURE_AUTORELEASING = YES;
				CLANG_WARN_BOOL_CONVERSION = YES;
				CLANG_WARN_COMMA = YES;
				CLANG_WARN_CONSTANT_CONVERSION = YES;
				CLANG_WARN_DEPRECATED_OBJC_IMPLEMENTATIONS = YES;
				CLANG_WARN_DIRECT_OBJC_ISA_USAGE = YES_ERROR;
				CLANG_WARN_DOCUMENTATION_COMMENTS = YES;
				CLANG_WARN_EMPTY_BODY = YES;
				CLANG_WARN_ENUM_CONVERSION = YES;
				CLANG_WARN_INFINITE_RECURSION = YES;
				CLANG_WARN_INT_CONVERSION = YES;
				CLANG_WARN_NON_LITERAL_NULL_CONVERSION = YES;
				CLANG_WARN_OBJC_IMPLICIT_RETAIN_SELF = YES;
				CLANG_WARN_OBJC_LITERAL_CONVERSION = YES;
				CLANG_WARN_OBJC_ROOT_CLASS = YES_ERROR;
				CLANG_WARN_QUOTED_INCLUDE_IN_FRAMEWORK_HEADER = YES;
				CLANG_WARN_RANGE_LOOP_ANALYSIS = YES;
				CLANG_WARN_STRICT_PROTOTYPES = YES;
				CLANG_WARN_SUSPICIOUS_MOVE = YES;
				CLANG_WARN_UNGUARDED_AVAILABILITY = YES_AGGRESSIVE;
				CLANG_WARN_UNREACHABLE_CODE = YES;
				CLANG_WARN__DUPLICATE_METHOD_MATCH = YES;
				COPY_PHASE_STRIP = NO;
				DEBUG_INFORMATION_FORMAT = dwarf;
				ENABLE_STRICT_OBJC_MSGSEND = YES;
				ENABLE_TESTABILITY = YES;
				ENABLE_USER_SCRIPT_SANDBOXING = YES;
				GCC_C_LANGUAGE_STANDARD = gnu17;
				GCC_DYNAMIC_NO_PIC = NO;
				GCC_NO_COMMON_BLOCKS = YES;
				GCC_OPTIMIZATION_LEVEL = 0;
				GCC_PREPROCESSOR_DEFINITIONS = (
					"DEBUG=1",
					"$(inherited)",
				);
				GCC_WARN_64_TO_32_BIT_CONVERSION = YES;
				GCC_WARN_ABOUT_RETURN_TYPE = YES_ERROR;
				GCC_WARN_UNDECLARED_SELECTOR = YES;
				GCC_WARN_UNINITIALIZED_AUTOS = YES_AGGRESSIVE;
				GCC_WARN_UNUSED_FUNCTION = YES;
				GCC_WARN_UNUSED_VARIABLE = YES;
				IPHONEOS_DEPLOYMENT_TARGET = 17.4;
				LOCALIZATION_PREFERS_STRING_CATALOGS = YES;
				MTL_ENABLE_DEBUG_INFO = INCLUDE_SOURCE;
				MTL_FAST_MATH = YES;
				ONLY_ACTIVE_ARCH = YES;
				SDKROOT = iphoneos;
				SWIFT_ACTIVE_COMPILATION_CONDITIONS = "DEBUG $(inherited)";
				SWIFT_OPTIMIZATION_LEVEL = "-Onone";
			};
			name = Debug;
		};
		DE461A222BF913CA00695239 /* Release */ = {
			isa = XCBuildConfiguration;
			buildSettings = {
				ALWAYS_SEARCH_USER_PATHS = NO;
				ASSETCATALOG_COMPILER_GENERATE_SWIFT_ASSET_SYMBOL_EXTENSIONS = YES;
				CLANG_ANALYZER_NONNULL = YES;
				CLANG_ANALYZER_NUMBER_OBJECT_CONVERSION = YES_AGGRESSIVE;
				CLANG_CXX_LANGUAGE_STANDARD = "gnu++20";
				CLANG_ENABLE_MODULES = YES;
				CLANG_ENABLE_OBJC_ARC = YES;
				CLANG_ENABLE_OBJC_WEAK = YES;
				CLANG_WARN_BLOCK_CAPTURE_AUTORELEASING = YES;
				CLANG_WARN_BOOL_CONVERSION = YES;
				CLANG_WARN_COMMA = YES;
				CLANG_WARN_CONSTANT_CONVERSION = YES;
				CLANG_WARN_DEPRECATED_OBJC_IMPLEMENTATIONS = YES;
				CLANG_WARN_DIRECT_OBJC_ISA_USAGE = YES_ERROR;
				CLANG_WARN_DOCUMENTATION_COMMENTS = YES;
				CLANG_WARN_EMPTY_BODY = YES;
				CLANG_WARN_ENUM_CONVERSION = YES;
				CLANG_WARN_INFINITE_RECURSION = YES;
				CLANG_WARN_INT_CONVERSION = YES;
				CLANG_WARN_NON_LITERAL_NULL_CONVERSION = YES;
				CLANG_WARN_OBJC_IMPLICIT_RETAIN_SELF = YES;
				CLANG_WARN_OBJC_LITERAL_CONVERSION = YES;
				CLANG_WARN_OBJC_ROOT_CLASS = YES_ERROR;
				CLANG_WARN_QUOTED_INCLUDE_IN_FRAMEWORK_HEADER = YES;
				CLANG_WARN_RANGE_LOOP_ANALYSIS = YES;
				CLANG_WARN_STRICT_PROTOTYPES = YES;
				CLANG_WARN_SUSPICIOUS_MOVE = YES;
				CLANG_WARN_UNGUARDED_AVAILABILITY = YES_AGGRESSIVE;
				CLANG_WARN_UNREACHABLE_CODE = YES;
				CLANG_WARN__DUPLICATE_METHOD_MATCH = YES;
				COPY_PHASE_STRIP = NO;
				DEBUG_INFORMATION_FORMAT = "dwarf-with-dsym";
				ENABLE_NS_ASSERTIONS = NO;
				ENABLE_STRICT_OBJC_MSGSEND = YES;
				ENABLE_USER_SCRIPT_SANDBOXING = YES;
				GCC_C_LANGUAGE_STANDARD = gnu17;
				GCC_NO_COMMON_BLOCKS = YES;
				GCC_WARN_64_TO_32_BIT_CONVERSION = YES;
				GCC_WARN_ABOUT_RETURN_TYPE = YES_ERROR;
				GCC_WARN_UNDECLARED_SELECTOR = YES;
				GCC_WARN_UNINITIALIZED_AUTOS = YES_AGGRESSIVE;
				GCC_WARN_UNUSED_FUNCTION = YES;
				GCC_WARN_UNUSED_VARIABLE = YES;
				IPHONEOS_DEPLOYMENT_TARGET = 17.4;
				LOCALIZATION_PREFERS_STRING_CATALOGS = YES;
				MTL_ENABLE_DEBUG_INFO = NO;
				MTL_FAST_MATH = YES;
				SDKROOT = iphoneos;
				SWIFT_COMPILATION_MODE = wholemodule;
				VALIDATE_PRODUCT = YES;
			};
			name = Release;
		};
		DE461A242BF913CA00695239 /* Debug */ = {
			isa = XCBuildConfiguration;
			buildSettings = {
				ASSETCATALOG_COMPILER_APPICON_NAME = AppIcon;
				ASSETCATALOG_COMPILER_GLOBAL_ACCENT_COLOR_NAME = AccentColor;
				CODE_SIGN_STYLE = Automatic;
				CURRENT_PROJECT_VERSION = 1;
				DEVELOPMENT_TEAM = ZY98G8GQD4;
				GENERATE_INFOPLIST_FILE = YES;
				INFOPLIST_FILE = MVVMGameHW/Info.plist;
				INFOPLIST_KEY_UIApplicationSupportsIndirectInputEvents = YES;
				INFOPLIST_KEY_UILaunchStoryboardName = LaunchScreen;
				INFOPLIST_KEY_UIMainStoryboardFile = Main;
				INFOPLIST_KEY_UISupportedInterfaceOrientations_iPad = "UIInterfaceOrientationPortrait UIInterfaceOrientationPortraitUpsideDown UIInterfaceOrientationLandscapeLeft UIInterfaceOrientationLandscapeRight";
				INFOPLIST_KEY_UISupportedInterfaceOrientations_iPhone = "UIInterfaceOrientationPortrait UIInterfaceOrientationLandscapeLeft UIInterfaceOrientationLandscapeRight";
				IPHONEOS_DEPLOYMENT_TARGET = 17.0;
				LD_RUNPATH_SEARCH_PATHS = (
					"$(inherited)",
					"@executable_path/Frameworks",
				);
				MARKETING_VERSION = 1.0;
				PRODUCT_BUNDLE_IDENTIFIER = com.erkancosar.MVVMGameHW;
				PRODUCT_NAME = "$(TARGET_NAME)";
				SWIFT_EMIT_LOC_STRINGS = YES;
				SWIFT_VERSION = 5.0;
				TARGETED_DEVICE_FAMILY = "1,2";
			};
			name = Debug;
		};
		DE461A252BF913CA00695239 /* Release */ = {
			isa = XCBuildConfiguration;
			buildSettings = {
				ASSETCATALOG_COMPILER_APPICON_NAME = AppIcon;
				ASSETCATALOG_COMPILER_GLOBAL_ACCENT_COLOR_NAME = AccentColor;
				CODE_SIGN_STYLE = Automatic;
				CURRENT_PROJECT_VERSION = 1;
				DEVELOPMENT_TEAM = ZY98G8GQD4;
				GENERATE_INFOPLIST_FILE = YES;
				INFOPLIST_FILE = MVVMGameHW/Info.plist;
				INFOPLIST_KEY_UIApplicationSupportsIndirectInputEvents = YES;
				INFOPLIST_KEY_UILaunchStoryboardName = LaunchScreen;
				INFOPLIST_KEY_UIMainStoryboardFile = Main;
				INFOPLIST_KEY_UISupportedInterfaceOrientations_iPad = "UIInterfaceOrientationPortrait UIInterfaceOrientationPortraitUpsideDown UIInterfaceOrientationLandscapeLeft UIInterfaceOrientationLandscapeRight";
				INFOPLIST_KEY_UISupportedInterfaceOrientations_iPhone = "UIInterfaceOrientationPortrait UIInterfaceOrientationLandscapeLeft UIInterfaceOrientationLandscapeRight";
				IPHONEOS_DEPLOYMENT_TARGET = 17.0;
				LD_RUNPATH_SEARCH_PATHS = (
					"$(inherited)",
					"@executable_path/Frameworks",
				);
				MARKETING_VERSION = 1.0;
				PRODUCT_BUNDLE_IDENTIFIER = com.erkancosar.MVVMGameHW;
				PRODUCT_NAME = "$(TARGET_NAME)";
				SWIFT_EMIT_LOC_STRINGS = YES;
				SWIFT_VERSION = 5.0;
				TARGETED_DEVICE_FAMILY = "1,2";
			};
			name = Release;
		};
/* End XCBuildConfiguration section */

/* Begin XCConfigurationList section */
		DE461A072BF913C800695239 /* Build configuration list for PBXProject "MVVMGameHW" */ = {
			isa = XCConfigurationList;
			buildConfigurations = (
				DE461A212BF913CA00695239 /* Debug */,
				DE461A222BF913CA00695239 /* Release */,
			);
			defaultConfigurationIsVisible = 0;
			defaultConfigurationName = Release;
		};
		DE461A232BF913CA00695239 /* Build configuration list for PBXNativeTarget "MVVMGameHW" */ = {
			isa = XCConfigurationList;
			buildConfigurations = (
				DE461A242BF913CA00695239 /* Debug */,
				DE461A252BF913CA00695239 /* Release */,
			);
			defaultConfigurationIsVisible = 0;
			defaultConfigurationName = Release;
		};
/* End XCConfigurationList section */

/* Begin XCRemoteSwiftPackageReference section */
		DEB60E3B2BFA38BF0048779A /* XCRemoteSwiftPackageReference "SDWebImage" */ = {
			isa = XCRemoteSwiftPackageReference;
			repositoryURL = "https://github.com/SDWebImage/SDWebImage";
			requirement = {
				kind = upToNextMajorVersion;
				minimumVersion = 5.19.2;
			};
		};
/* End XCRemoteSwiftPackageReference section */

/* Begin XCSwiftPackageProductDependency section */
		DEB60E3C2BFA38BF0048779A /* SDWebImage */ = {
			isa = XCSwiftPackageProductDependency;
			package = DEB60E3B2BFA38BF0048779A /* XCRemoteSwiftPackageReference "SDWebImage" */;
			productName = SDWebImage;
		};
		DEB60E3E2BFA38BF0048779A /* SDWebImageMapKit */ = {
			isa = XCSwiftPackageProductDependency;
			package = DEB60E3B2BFA38BF0048779A /* XCRemoteSwiftPackageReference "SDWebImage" */;
			productName = SDWebImageMapKit;
		};
/* End XCSwiftPackageProductDependency section */

/* Begin XCVersionGroup section */
		DE461A182BF913C800695239 /* MVVMGameHW.xcdatamodeld */ = {
			isa = XCVersionGroup;
			children = (
				DE461A192BF913C800695239 /* MVVMGameHW.xcdatamodel */,
			);
			currentVersion = DE461A192BF913C800695239 /* MVVMGameHW.xcdatamodel */;
			path = MVVMGameHW.xcdatamodeld;
			sourceTree = "<group>";
			versionGroupType = wrapper.xcdatamodel;
		};
/* End XCVersionGroup section */
	};
	rootObject = DE461A042BF913C800695239 /* Project object */;
}
