// !$*UTF8*$!
{
	archiveVersion = 1;
	classes = {
	};
	objectVersion = 56;
	objects = {

/* Begin PBXBuildFile section */
		DE461A102BF913C800695239 /* AppDelegate.swift in Sources */ = {isa = PBXBuildFile; fileRef = DE461A0F2BF913C800695239 /* AppDelegate.swift */; };
		DE461A122BF913C800695239 /* SceneDelegate.swift in Sources */ = {isa = PBXBuildFile; fileRef = DE461A112BF913C800695239 /* SceneDelegate.swift */; };
		DE461A142BF913C800695239 /* ViewController.swift in Sources */ = {isa = PBXBuildFile; fileRef = DE461A132BF913C800695239 /* ViewController.swift */; };
		DE461A172BF913C800695239 /* Base in Resources */ = {isa = PBXBuildFile; fileRef = DE461A162BF913C800695239 /* Base */; };
		DE461A1A2BF913C800695239 /* MVVMGameHW.xcdatamodeld in Sources */ = {isa = PBXBuildFile; fileRef = DE461A182BF913C800695239 /* MVVMGameHW.xcdatamodeld */; };
		DE461A1C2BF913CA00695239 /* Assets.xcassets in Resources */ = {isa = PBXBuildFile; fileRef = DE461A1B2BF913CA00695239 /* Assets.xcassets */; };
		DE461A1F2BF913CA00695239 /* Base in Resources */ = {isa = PBXBuildFile; fileRef = DE461A1E2BF913CA00695239 /* Base */; };
		DE5D999B2BF951BB008540C2 /* Service.swift in Sources */ = {isa = PBXBuildFile; fileRef = DE5D999A2BF951BB008540C2 /* Service.swift */; };
		DEB60E322BFA22C40048779A /* NetworkErrors.swift in Sources */ = {isa = PBXBuildFile; fileRef = DEB60E312BFA22C40048779A /* NetworkErrors.swift */; };
		DEB60E342BFA24140048779A /* Game.swift in Sources */ = {isa = PBXBuildFile; fileRef = DEB60E332BFA24140048779A /* Game.swift */; };
		DEB60E362BFA2B650048779A /* Constants.swift in Sources */ = {isa = PBXBuildFile; fileRef = DEB60E352BFA2B650048779A /* Constants.swift */; };
/* End PBXBuildFile section */

/* Begin PBXFileReference section */
		DE461A0C2BF913C800695239 /* MVVMGameHW.app */ = {isa = PBXFileReference; explicitFileType = wrapper.application; includeInIndex = 0; path = MVVMGameHW.app; sourceTree = BUILT_PRODUCTS_DIR; };
		DE461A0F2BF913C800695239 /* AppDelegate.swift */ = {isa = PBXFileReference; lastKnownFileType = sourcecode.swift; path = AppDelegate.swift; sourceTree = "<group>"; };
		DE461A112BF913C800695239 /* SceneDelegate.swift */ = {isa = PBXFileReference; lastKnownFileType = sourcecode.swift; path = SceneDelegate.swift; sourceTree = "<group>"; };
		DE461A132BF913C800695239 /* ViewController.swift */ = {isa = PBXFileReference; lastKnownFileType = sourcecode.swift; path = ViewController.swift; sourceTree = "<group>"; };
		DE461A162BF913C800695239 /* Base */ = {isa = PBXFileReference; lastKnownFileType = file.storyboard; name = Base; path = Base.lproj/Main.storyboard; sourceTree = "<group>"; };
		DE461A192BF913C800695239 /* MVVMGameHW.xcdatamodel */ = {isa = PBXFileReference; lastKnownFileType = wrapper.xcdatamodel; path = MVVMGameHW.xcdatamodel; sourceTree = "<group>"; };
		DE461A1B2BF913CA00695239 /* Assets.xcassets */ = {isa = PBXFileReference; lastKnownFileType = folder.assetcatalog; path = Assets.xcassets; sourceTree = "<group>"; };
		DE461A1E2BF913CA00695239 /* Base */ = {isa = PBXFileReference; lastKnownFileType = file.storyboard; name = Base; path = Base.lproj/LaunchScreen.storyboard; sourceTree = "<group>"; };
		DE461A202BF913CA00695239 /* Info.plist */ = {isa = PBXFileReference; lastKnownFileType = text.plist.xml; path = Info.plist; sourceTree = "<group>"; };
		DE5D999A2BF951BB008540C2 /* Service.swift */ = {isa = PBXFileReference; lastKnownFileType = sourcecode.swift; path = Service.swift; sourceTree = "<group>"; };
		DEB60E312BFA22C40048779A /* NetworkErrors.swift */ = {isa = PBXFileReference; lastKnownFileType = sourcecode.swift; path = NetworkErrors.swift; sourceTree = "<group>"; };
		DEB60E332BFA24140048779A /* Game.swift */ = {isa = PBXFileReference; lastKnownFileType = sourcecode.swift; path = Game.swift; sourceTree = "<group>"; };
		DEB60E352BFA2B650048779A /* Constants.swift */ = {isa = PBXFileReference; lastKnownFileType = sourcecode.swift; path = Constants.swift; sourceTree = "<group>"; };
/* End PBXFileReference section */

/* Begin PBXFrameworksBuildPhase section */
		DE461A092BF913C800695239 /* Frameworks */ = {
			isa = PBXFrameworksBuildPhase;
			buildActionMask = 2147483647;
			files = (
			);
			runOnlyForDeploymentPostprocessing = 0;
		};
/* End PBXFrameworksBuildPhase section */

/* Begin PBXGroup section */
		DE461A032BF913C800695239 = {
			isa = PBXGroup;
			children = (
				DE461A0E2BF913C800695239 /* MVVMGameHW */,
				DE461A0D2BF913C800695239 /* Products */,
			);
			sourceTree = "<group>";
		};
		DE461A0D2BF913C800695239 /* Products */ = {
			isa = PBXGroup;
			children = (
				DE461A0C2BF913C800695239 /* MVVMGameHW.app */,
			);
			name = Products;
			sourceTree = "<group>";
		};
		DE461A0E2BF913C800695239 /* MVVMGameHW */ = {
			isa = PBXGroup;
			children = (
				DE461A2C2BF94C6300695239 /* Network */,
				DE461A2B2BF94C4600695239 /* Theme */,
				DE461A2A2BF94C4200695239 /* Core */,
				DE461A292BF94C3D00695239 /* Controller */,
				DE461A282BF94C2500695239 /* ViewModel */,
				DE461A272BF94C2100695239 /* View */,
				DE461A262BF94C1B00695239 /* Model */,
				DE461A152BF913C800695239 /* Main.storyboard */,
				DE461A1B2BF913CA00695239 /* Assets.xcassets */,
				DE461A1D2BF913CA00695239 /* LaunchScreen.storyboard */,
				DE461A202BF913CA00695239 /* Info.plist */,
				DE461A182BF913C800695239 /* MVVMGameHW.xcdatamodeld */,
			);
			path = MVVMGameHW;
			sourceTree = "<group>";
		};
		DE461A262BF94C1B00695239 /* Model */ = {
			isa = PBXGroup;
			children = (
				DEB60E332BFA24140048779A /* Game.swift */,
			);
			path = Model;
			sourceTree = "<group>";
		};
		DE461A272BF94C2100695239 /* View */ = {
			isa = PBXGroup;
			children = (
			);
			path = View;
			sourceTree = "<group>";
		};
		DE461A282BF94C2500695239 /* ViewModel */ = {
			isa = PBXGroup;
			children = (
			);
			path = ViewModel;
			sourceTree = "<group>";
		};
		DE461A292BF94C3D00695239 /* Controller */ = {
			isa = PBXGroup;
			children = (
				DE461A132BF913C800695239 /* ViewController.swift */,
			);
			path = Controller;
			sourceTree = "<group>";
		};
		DE461A2A2BF94C4200695239 /* Core */ = {
			isa = PBXGroup;
			children = (
				DE461A112BF913C800695239 /* SceneDelegate.swift */,
				DE461A0F2BF913C800695239 /* AppDelegate.swift */,
			);
			path = Core;
			sourceTree = "<group>";
		};
		DE461A2B2BF94C4600695239 /* Theme */ = {
			isa = PBXGroup;
			children = (
			);
			path = Theme;
			sourceTree = "<group>";
		};
		DE461A2C2BF94C6300695239 /* Network */ = {
			isa = PBXGroup;
			children = (
				DE5D999A2BF951BB008540C2 /* Service.swift */,
				DEB60E312BFA22C40048779A /* NetworkErrors.swift */,
				DEB60E352BFA2B650048779A /* Constants.swift */,
			);
			path = Network;
			sourceTree = "<group>";
		};
/* End PBXGroup section */

/* Begin PBXNativeTarget section */
		DE461A0B2BF913C800695239 /* MVVMGameHW */ = {
			isa = PBXNativeTarget;
			buildConfigurationList = DE461A232BF913CA00695239 /* Build configuration list for PBXNativeTarget "MVVMGameHW" */;
			buildPhases = (
				DE461A082BF913C800695239 /* Sources */,
				DE461A092BF913C800695239 /* Frameworks */,
				DE461A0A2BF913C800695239 /* Resources */,
			);
			buildRules = (
			);
			dependencies = (
			);
			name = MVVMGameHW;
			productName = MVVMGameHW;
			productReference = DE461A0C2BF913C800695239 /* MVVMGameHW.app */;
			productType = "com.apple.product-type.application";
		};
/* End PBXNativeTarget section */

/* Begin PBXProject section */
		DE461A042BF913C800695239 /* Project object */ = {
			isa = PBXProject;
			attributes = {
				BuildIndependentTargetsInParallel = 1;
				LastSwiftUpdateCheck = 1530;
				LastUpgradeCheck = 1530;
				TargetAttributes = {
					DE461A0B2BF913C800695239 = {
						CreatedOnToolsVersion = 15.3;
					};
				};
			};
			buildConfigurationList = DE461A072BF913C800695239 /* Build configuration list for PBXProject "MVVMGameHW" */;
			compatibilityVersion = "Xcode 14.0";
			developmentRegion = en;
			hasScannedForEncodings = 0;
			knownRegions = (
				en,
				Base,
			);
			mainGroup = DE461A032BF913C800695239;
			productRefGroup = DE461A0D2BF913C800695239 /* Products */;
			projectDirPath = "";
			projectRoot = "";
			targets = (
				DE461A0B2BF913C800695239 /* MVVMGameHW */,
			);
		};
/* End PBXProject section */

/* Begin PBXResourcesBuildPhase section */
		DE461A0A2BF913C800695239 /* Resources */ = {
			isa = PBXResourcesBuildPhase;
			buildActionMask = 2147483647;
			files = (
				DE461A1C2BF913CA00695239 /* Assets.xcassets in Resources */,
				DE461A1F2BF913CA00695239 /* Base in Resources */,
				DE461A172BF913C800695239 /* Base in Resources */,
			);
			runOnlyForDeploymentPostprocessing = 0;
		};
/* End PBXResourcesBuildPhase section */

/* Begin PBXSourcesBuildPhase section */
		DE461A082BF913C800695239 /* Sources */ = {
			isa = PBXSourcesBuildPhase;
			buildActionMask = 2147483647;
			files = (
				DE461A142BF913C800695239 /* ViewController.swift in Sources */,
				DE461A102BF913C800695239 /* AppDelegate.swift in Sources */,
				DEB60E342BFA24140048779A /* Game.swift in Sources */,
				DE5D999B2BF951BB008540C2 /* Service.swift in Sources */,
				DE461A1A2BF913C800695239 /* MVVMGameHW.xcdatamodeld in Sources */,
				DE461A122BF913C800695239 /* SceneDelegate.swift in Sources */,
				DEB60E322BFA22C40048779A /* NetworkErrors.swift in Sources */,
				DEB60E362BFA2B650048779A /* Constants.swift in Sources */,
			);
			runOnlyForDeploymentPostprocessing = 0;
		};
/* End PBXSourcesBuildPhase section */

/* Begin PBXVariantGroup section */
		DE461A152BF913C800695239 /* Main.storyboard */ = {
			isa = PBXVariantGroup;
			children = (
				DE461A162BF913C800695239 /* Base */,
			);
			name = Main.storyboard;
			sourceTree = "<group>";
		};
		DE461A1D2BF913CA00695239 /* LaunchScreen.storyboard */ = {
			isa = PBXVariantGroup;
			children = (
				DE461A1E2BF913CA00695239 /* Base */,
			);
			name = LaunchScreen.storyboard;
			sourceTree = "<group>";
		};
/* End PBXVariantGroup section */

/* Begin XCBuildConfiguration section */
		DE461A212BF913CA00695239 /* Debug */ = {
			isa = XCBuildConfiguration;
			buildSettings = {
				ALWAYS_SEARCH_USER_PATHS = NO;
				ASSETCATALOG_COMPILER_GENERATE_SWIFT_ASSET_SYMBOL_EXTENSIONS = YES;
				CLANG_ANALYZER_NONNULL = YES;
				CLANG_ANALYZER_NUMBER_OBJECT_CONVERSION = YES_AGGRESSIVE;
				CLANG_CXX_LANGUAGE_STANDARD = "gnu++20";
				CLANG_ENABLE_MODULES = YES;
				CLANG_ENABLE_OBJC_ARC = YES;
				CLANG_ENABLE_OBJC_WEAK = YES;
				CLANG_WARN_BLOCK_CAPTURE_AUTORELEASING = YES;
				CLANG_WARN_BOOL_CONVERSION = YES;
				CLANG_WARN_COMMA = YES;
				CLANG_WARN_CONSTANT_CONVERSION = YES;
				CLANG_WARN_DEPRECATED_OBJC_IMPLEMENTATIONS = YES;
				CLANG_WARN_DIRECT_OBJC_ISA_USAGE = YES_ERROR;
				CLANG_WARN_DOCUMENTATION_COMMENTS = YES;
				CLANG_WARN_EMPTY_BODY = YES;
				CLANG_WARN_ENUM_CONVERSION = YES;
				CLANG_WARN_INFINITE_RECURSION = YES;
				CLANG_WARN_INT_CONVERSION = YES;
				CLANG_WARN_NON_LITERAL_NULL_CONVERSION = YES;
				CLANG_WARN_OBJC_IMPLICIT_RETAIN_SELF = YES;
				CLANG_WARN_OBJC_LITERAL_CONVERSION = YES;
				CLANG_WARN_OBJC_ROOT_CLASS = YES_ERROR;
				CLANG_WARN_QUOTED_INCLUDE_IN_FRAMEWORK_HEADER = YES;
				CLANG_WARN_RANGE_LOOP_ANALYSIS = YES;
				CLANG_WARN_STRICT_PROTOTYPES = YES;
				CLANG_WARN_SUSPICIOUS_MOVE = YES;
				CLANG_WARN_UNGUARDED_AVAILABILITY = YES_AGGRESSIVE;
				CLANG_WARN_UNREACHABLE_CODE = YES;
				CLANG_WARN__DUPLICATE_METHOD_MATCH = YES;
				COPY_PHASE_STRIP = NO;
				DEBUG_INFORMATION_FORMAT = dwarf;
				ENABLE_STRICT_OBJC_MSGSEND = YES;
				ENABLE_TESTABILITY = YES;
				ENABLE_USER_SCRIPT_SANDBOXING = YES;
				GCC_C_LANGUAGE_STANDARD = gnu17;
				GCC_DYNAMIC_NO_PIC = NO;
				GCC_NO_COMMON_BLOCKS = YES;
				GCC_OPTIMIZATION_LEVEL = 0;
				GCC_PREPROCESSOR_DEFINITIONS = (
					"DEBUG=1",
					"$(inherited)",
				);
				GCC_WARN_64_TO_32_BIT_CONVERSION = YES;
				GCC_WARN_ABOUT_RETURN_TYPE = YES_ERROR;
				GCC_WARN_UNDECLARED_SELECTOR = YES;
				GCC_WARN_UNINITIALIZED_AUTOS = YES_AGGRESSIVE;
				GCC_WARN_UNUSED_FUNCTION = YES;
				GCC_WARN_UNUSED_VARIABLE = YES;
				IPHONEOS_DEPLOYMENT_TARGET = 17.4;
				LOCALIZATION_PREFERS_STRING_CATALOGS = YES;
				MTL_ENABLE_DEBUG_INFO = INCLUDE_SOURCE;
				MTL_FAST_MATH = YES;
				ONLY_ACTIVE_ARCH = YES;
				SDKROOT = iphoneos;
				SWIFT_ACTIVE_COMPILATION_CONDITIONS = "DEBUG $(inherited)";
				SWIFT_OPTIMIZATION_LEVEL = "-Onone";
			};
			name = Debug;
		};
		DE461A222BF913CA00695239 /* Release */ = {
			isa = XCBuildConfiguration;
			buildSettings = {
				ALWAYS_SEARCH_USER_PATHS = NO;
				ASSETCATALOG_COMPILER_GENERATE_SWIFT_ASSET_SYMBOL_EXTENSIONS = YES;
				CLANG_ANALYZER_NONNULL = YES;
				CLANG_ANALYZER_NUMBER_OBJECT_CONVERSION = YES_AGGRESSIVE;
				CLANG_CXX_LANGUAGE_STANDARD = "gnu++20";
				CLANG_ENABLE_MODULES = YES;
				CLANG_ENABLE_OBJC_ARC = YES;
				CLANG_ENABLE_OBJC_WEAK = YES;
				CLANG_WARN_BLOCK_CAPTURE_AUTORELEASING = YES;
				CLANG_WARN_BOOL_CONVERSION = YES;
				CLANG_WARN_COMMA = YES;
				CLANG_WARN_CONSTANT_CONVERSION = YES;
				CLANG_WARN_DEPRECATED_OBJC_IMPLEMENTATIONS = YES;
				CLANG_WARN_DIRECT_OBJC_ISA_USAGE = YES_ERROR;
				CLANG_WARN_DOCUMENTATION_COMMENTS = YES;
				CLANG_WARN_EMPTY_BODY = YES;
				CLANG_WARN_ENUM_CONVERSION = YES;
				CLANG_WARN_INFINITE_RECURSION = YES;
				CLANG_WARN_INT_CONVERSION = YES;
				CLANG_WARN_NON_LITERAL_NULL_CONVERSION = YES;
				CLANG_WARN_OBJC_IMPLICIT_RETAIN_SELF = YES;
				CLANG_WARN_OBJC_LITERAL_CONVERSION = YES;
				CLANG_WARN_OBJC_ROOT_CLASS = YES_ERROR;
				CLANG_WARN_QUOTED_INCLUDE_IN_FRAMEWORK_HEADER = YES;
				CLANG_WARN_RANGE_LOOP_ANALYSIS = YES;
				CLANG_WARN_STRICT_PROTOTYPES = YES;
				CLANG_WARN_SUSPICIOUS_MOVE = YES;
				CLANG_WARN_UNGUARDED_AVAILABILITY = YES_AGGRESSIVE;
				CLANG_WARN_UNREACHABLE_CODE = YES;
				CLANG_WARN__DUPLICATE_METHOD_MATCH = YES;
				COPY_PHASE_STRIP = NO;
				DEBUG_INFORMATION_FORMAT = "dwarf-with-dsym";
				ENABLE_NS_ASSERTIONS = NO;
				ENABLE_STRICT_OBJC_MSGSEND = YES;
				ENABLE_USER_SCRIPT_SANDBOXING = YES;
				GCC_C_LANGUAGE_STANDARD = gnu17;
				GCC_NO_COMMON_BLOCKS = YES;
				GCC_WARN_64_TO_32_BIT_CONVERSION = YES;
				GCC_WARN_ABOUT_RETURN_TYPE = YES_ERROR;
				GCC_WARN_UNDECLARED_SELECTOR = YES;
				GCC_WARN_UNINITIALIZED_AUTOS = YES_AGGRESSIVE;
				GCC_WARN_UNUSED_FUNCTION = YES;
				GCC_WARN_UNUSED_VARIABLE = YES;
				IPHONEOS_DEPLOYMENT_TARGET = 17.4;
				LOCALIZATION_PREFERS_STRING_CATALOGS = YES;
				MTL_ENABLE_DEBUG_INFO = NO;
				MTL_FAST_MATH = YES;
				SDKROOT = iphoneos;
				SWIFT_COMPILATION_MODE = wholemodule;
				VALIDATE_PRODUCT = YES;
			};
			name = Release;
		};
		DE461A242BF913CA00695239 /* Debug */ = {
			isa = XCBuildConfiguration;
			buildSettings = {
				ASSETCATALOG_COMPILER_APPICON_NAME = AppIcon;
				ASSETCATALOG_COMPILER_GLOBAL_ACCENT_COLOR_NAME = AccentColor;
				CODE_SIGN_STYLE = Automatic;
				CURRENT_PROJECT_VERSION = 1;
				DEVELOPMENT_TEAM = ZY98G8GQD4;
				GENERATE_INFOPLIST_FILE = YES;
				INFOPLIST_FILE = MVVMGameHW/Info.plist;
				INFOPLIST_KEY_UIApplicationSupportsIndirectInputEvents = YES;
				INFOPLIST_KEY_UILaunchStoryboardName = LaunchScreen;
				INFOPLIST_KEY_UIMainStoryboardFile = Main;
				INFOPLIST_KEY_UISupportedInterfaceOrientations_iPad = "UIInterfaceOrientationPortrait UIInterfaceOrientationPortraitUpsideDown UIInterfaceOrientationLandscapeLeft UIInterfaceOrientationLandscapeRight";
				INFOPLIST_KEY_UISupportedInterfaceOrientations_iPhone = "UIInterfaceOrientationPortrait UIInterfaceOrientationLandscapeLeft UIInterfaceOrientationLandscapeRight";
				LD_RUNPATH_SEARCH_PATHS = (
					"$(inherited)",
					"@executable_path/Frameworks",
				);
				MARKETING_VERSION = 1.0;
				PRODUCT_BUNDLE_IDENTIFIER = com.erkancosar.MVVMGameHW;
				PRODUCT_NAME = "$(TARGET_NAME)";
				SWIFT_EMIT_LOC_STRINGS = YES;
				SWIFT_VERSION = 5.0;
				TARGETED_DEVICE_FAMILY = "1,2";
			};
			name = Debug;
		};
		DE461A252BF913CA00695239 /* Release */ = {
			isa = XCBuildConfiguration;
			buildSettings = {
				ASSETCATALOG_COMPILER_APPICON_NAME = AppIcon;
				ASSETCATALOG_COMPILER_GLOBAL_ACCENT_COLOR_NAME = AccentColor;
				CODE_SIGN_STYLE = Automatic;
				CURRENT_PROJECT_VERSION = 1;
				DEVELOPMENT_TEAM = ZY98G8GQD4;
				GENERATE_INFOPLIST_FILE = YES;
				INFOPLIST_FILE = MVVMGameHW/Info.plist;
				INFOPLIST_KEY_UIApplicationSupportsIndirectInputEvents = YES;
				INFOPLIST_KEY_UILaunchStoryboardName = LaunchScreen;
				INFOPLIST_KEY_UIMainStoryboardFile = Main;
				INFOPLIST_KEY_UISupportedInterfaceOrientations_iPad = "UIInterfaceOrientationPortrait UIInterfaceOrientationPortraitUpsideDown UIInterfaceOrientationLandscapeLeft UIInterfaceOrientationLandscapeRight";
				INFOPLIST_KEY_UISupportedInterfaceOrientations_iPhone = "UIInterfaceOrientationPortrait UIInterfaceOrientationLandscapeLeft UIInterfaceOrientationLandscapeRight";
				LD_RUNPATH_SEARCH_PATHS = (
					"$(inherited)",
					"@executable_path/Frameworks",
				);
				MARKETING_VERSION = 1.0;
				PRODUCT_BUNDLE_IDENTIFIER = com.erkancosar.MVVMGameHW;
				PRODUCT_NAME = "$(TARGET_NAME)";
				SWIFT_EMIT_LOC_STRINGS = YES;
				SWIFT_VERSION = 5.0;
				TARGETED_DEVICE_FAMILY = "1,2";
			};
			name = Release;
		};
/* End XCBuildConfiguration section */

/* Begin XCConfigurationList section */
		DE461A072BF913C800695239 /* Build configuration list for PBXProject "MVVMGameHW" */ = {
			isa = XCConfigurationList;
			buildConfigurations = (
				DE461A212BF913CA00695239 /* Debug */,
				DE461A222BF913CA00695239 /* Release */,
			);
			defaultConfigurationIsVisible = 0;
			defaultConfigurationName = Release;
		};
		DE461A232BF913CA00695239 /* Build configuration list for PBXNativeTarget "MVVMGameHW" */ = {
			isa = XCConfigurationList;
			buildConfigurations = (
				DE461A242BF913CA00695239 /* Debug */,
				DE461A252BF913CA00695239 /* Release */,
			);
			defaultConfigurationIsVisible = 0;
			defaultConfigurationName = Release;
		};
/* End XCConfigurationList section */

/* Begin XCVersionGroup section */
		DE461A182BF913C800695239 /* MVVMGameHW.xcdatamodeld */ = {
			isa = XCVersionGroup;
			children = (
				DE461A192BF913C800695239 /* MVVMGameHW.xcdatamodel */,
			);
			currentVersion = DE461A192BF913C800695239 /* MVVMGameHW.xcdatamodel */;
			path = MVVMGameHW.xcdatamodeld;
			sourceTree = "<group>";
			versionGroupType = wrapper.xcdatamodel;
		};
/* End XCVersionGroup section */
	};
	rootObject = DE461A042BF913C800695239 /* Project object */;
}
